
Microsoft Visual Studio Solution File, Format Version 12.00
Project("{9A19103F-16F7-4668-BE54-9A1E7A4F7556}") = "Fluegram.Build", "build\Fluegram.Build.csproj", "{14A9D635-109D-405B-8241-2FE64F5948D6}"
EndProject
Project("{2150E333-8FDC-42A3-9474-1A3956D46DE8}") = "Build", "Build", "{F85682FB-7A80-497B-B1C5-2B7646EE16DC}"
EndProject
Project("{2150E333-8FDC-42A3-9474-1A3956D46DE8}") = "Sources", "Sources", "{F7D8F6F2-F55B-4C85-82C6-B88D427C7AAE}"
EndProject
Project("{FAE04EC0-301F-11D3-BF4B-00C04F79EFBC}") = "Fluegram", "src\Fluegram\Fluegram.csproj", "{1B4E2D3E-EBD5-41A7-BC50-E65975AAC3A0}"
EndProject
Project("{FAE04EC0-301F-11D3-BF4B-00C04F79EFBC}") = "Fluegram.Abstractions", "src\Fluegram.Abstractions\Fluegram.Abstractions.csproj", "{4AC1DED8-5C55-4F10-82C9-F976E8501203}"
EndProject
Project("{2150E333-8FDC-42A3-9474-1A3956D46DE8}") = "Handlers", "Handlers", "{A301A5FE-6ED1-4D88-855B-DCE77F377F44}"
EndProject
Project("{FAE04EC0-301F-11D3-BF4B-00C04F79EFBC}") = "Fluegram.Handlers", "src\Handlers\Fluegram.Handlers\Fluegram.Handlers.csproj", "{FB6B5A12-69D0-4A7D-A47A-6BCC8B95EEE1}"
EndProject
Project("{FAE04EC0-301F-11D3-BF4B-00C04F79EFBC}") = "Fluegram.Handlers.Abstractions", "src\Handlers\Fluegram.Handlers.Abstractions\Fluegram.Handlers.Abstractions.csproj", "{E272BB06-5AD3-4207-ABD8-297723313B09}"
EndProject
Project("{2150E333-8FDC-42A3-9474-1A3956D46DE8}") = "Reflection", "Reflection", "{D8C2DA8E-3B28-4F3A-8105-2A44F8DACB6D}"
EndProject
Project("{FAE04EC0-301F-11D3-BF4B-00C04F79EFBC}") = "Fluegram.Handlers.Reflection", "src\Handlers\Reflection\Fluegram.Handlers.Reflection\Fluegram.Handlers.Reflection.csproj", "{9C1207C0-A013-4036-9845-B7E23EB94F58}"
EndProject
Project("{FAE04EC0-301F-11D3-BF4B-00C04F79EFBC}") = "Fluegram.Handlers.Reflection.Abstractions", "src\Handlers\Reflection\Fluegram.Handlers.Reflection.Abstractions\Fluegram.Handlers.Reflection.Abstractions.csproj", "{AF662C37-44D0-4534-8E9C-734B4047D455}"
EndProject
Project("{2150E333-8FDC-42A3-9474-1A3956D46DE8}") = "Filters", "Filters", "{2DA0ED6D-8AFD-4DD7-A8CC-606346CB4D0E}"
EndProject
Project("{FAE04EC0-301F-11D3-BF4B-00C04F79EFBC}") = "Fluegram.Filters", "src\Filters\Fluegram.Filters\Fluegram.Filters.csproj", "{CD5D740C-5CBA-4D29-9715-CEA564F65EE7}"
EndProject
Project("{FAE04EC0-301F-11D3-BF4B-00C04F79EFBC}") = "Fluegram.Filters.Abstractions", "src\Filters\Fluegram.Filters.Abstractions\Fluegram.Filters.Abstractions.csproj", "{3388ED5A-E57C-436A-9A02-5B07B03982D7}"
EndProject
Project("{2150E333-8FDC-42A3-9474-1A3956D46DE8}") = "Actions", "Actions", "{9949E503-B9FF-49E5-BD35-80A91CDEC3CD}"
EndProject
Project("{FAE04EC0-301F-11D3-BF4B-00C04F79EFBC}") = "Fluegram.Actions", "src\Actions\Fluegram.Actions\Fluegram.Actions.csproj", "{20BB9611-03DF-438E-B2FA-135ADF4574BF}"
EndProject
Project("{FAE04EC0-301F-11D3-BF4B-00C04F79EFBC}") = "Fluegram.Actions.Abstractions", "src\Actions\Fluegram.Actions.Abstractions\Fluegram.Actions.Abstractions.csproj", "{A12F47F8-70E9-459E-9A56-E32E43A9C090}"
EndProject
Project("{2150E333-8FDC-42A3-9474-1A3956D46DE8}") = "Widgets", "Widgets", "{C742CA57-6F1C-4BB8-82DC-CAB1995D4DD6}"
EndProject
Project("{FAE04EC0-301F-11D3-BF4B-00C04F79EFBC}") = "Fluegram.Widgets", "src\Widgets\Fluegram.Widgets\Fluegram.Widgets.csproj", "{131305B4-3AB3-4FDD-8F05-4A86EA69A751}"
EndProject
Project("{FAE04EC0-301F-11D3-BF4B-00C04F79EFBC}") = "Fluegram.Widgets.Abstractions", "src\Widgets\Fluegram.Widgets.Abstractions\Fluegram.Widgets.Abstractions.csproj", "{56B6A987-8D5E-44B2-8F27-84AC32682D9D}"
EndProject
Project("{2150E333-8FDC-42A3-9474-1A3956D46DE8}") = "Commands", "Commands", "{46661700-9D52-4883-A45A-3CDDAF1065A8}"
EndProject
Project("{FAE04EC0-301F-11D3-BF4B-00C04F79EFBC}") = "Fluegram.Commands", "src\Commands\Fluegram.Commands\Fluegram.Commands.csproj", "{CE54AC6D-1F0F-44E0-B001-B1D4DBC89CE7}"
EndProject
Project("{FAE04EC0-301F-11D3-BF4B-00C04F79EFBC}") = "Fluegram.Commands.Abstractions", "src\Commands\Fluegram.Commands.Abstractions\Fluegram.Commands.Abstractions.csproj", "{C59C238E-DD53-4478-9F2E-9C9B48633C4D}"
EndProject
Project("{2150E333-8FDC-42A3-9474-1A3956D46DE8}") = "Keyboards", "Keyboards", "{F07464AC-88D3-4266-8E90-FAD5FB26618D}"
EndProject
Project("{FAE04EC0-301F-11D3-BF4B-00C04F79EFBC}") = "Fluegram.Keyboards.Abstractions", "src\Keyboards\Fluegram.Keyboards.Abstractions\Fluegram.Keyboards.Abstractions.csproj", "{F0888644-3385-44EA-B9CE-0729A76CD67C}"
EndProject
Project("{FAE04EC0-301F-11D3-BF4B-00C04F79EFBC}") = "Fluegram.Keyboards", "src\Keyboards\Fluegram.Keyboards\Fluegram.Keyboards.csproj", "{8BD5C2AF-69E2-42C2-845E-B4762AFF5B0D}"
EndProject
Project("{2150E333-8FDC-42A3-9474-1A3956D46DE8}") = "Sessions", "Sessions", "{DABEFBE9-AF38-4FA5-BAB2-36330CB6EAF7}"
EndProject
Project("{FAE04EC0-301F-11D3-BF4B-00C04F79EFBC}") = "Fluegram.Sessions.Abstractions", "src\Sessions\Fluegram.Sessions.Abstractions\Fluegram.Sessions.Abstractions.csproj", "{5371CA6E-D4BD-4C36-9499-E09384A60D07}"
EndProject
Project("{FAE04EC0-301F-11D3-BF4B-00C04F79EFBC}") = "Fluegram.Sessions", "src\Sessions\Fluegram.Sessions\Fluegram.Sessions.csproj", "{C13C9287-0301-4612-81A6-8B08350CBD50}"
EndProject
Project("{2150E333-8FDC-42A3-9474-1A3956D46DE8}") = "SourceGenerators", "SourceGenerators", "{6E731BCB-5C43-4EA1-9951-3A58B7A70D7F}"
EndProject
Project("{2150E333-8FDC-42A3-9474-1A3956D46DE8}") = "Parameters", "Parameters", "{CC241F26-0F8E-4178-B7D3-2C7FE3A66389}"
EndProject
Project("{FAE04EC0-301F-11D3-BF4B-00C04F79EFBC}") = "Fluegram.Parameters", "src\Parameters\Fluegram.Parameters\Fluegram.Parameters.csproj", "{2085A509-1E97-4A49-8B26-7A51F43FAD86}"
EndProject
Project("{FAE04EC0-301F-11D3-BF4B-00C04F79EFBC}") = "Fluegram.Parameters.Abstractions", "src\Parameters\Fluegram.Parameters.Abstractions\Fluegram.Parameters.Abstractions.csproj", "{6ECE117D-57DD-4AD0-961F-053F82CB5942}"
EndProject
Project("{FAE04EC0-301F-11D3-BF4B-00C04F79EFBC}") = "Fluegram.SourceGenerator.Parameters", "sourcegen\Fluegram.SourceGenerator.Parameters\Fluegram.SourceGenerator.Parameters.csproj", "{8489D2CE-ABEE-46DF-BB53-1E203BC3C2A5}"
EndProject
Project("{2150E333-8FDC-42A3-9474-1A3956D46DE8}") = "Menus", "Menus", "{BBC0A60E-0542-4911-AF35-F99F2DFDB0EB}"
EndProject
Project("{FAE04EC0-301F-11D3-BF4B-00C04F79EFBC}") = "Fluegram.Menus", "src\Menus\Fluegram.Menus\Fluegram.Menus.csproj", "{2B9B63DA-97E8-4B8F-A4C1-811BF8AE44D7}"
EndProject
Project("{FAE04EC0-301F-11D3-BF4B-00C04F79EFBC}") = "Fluegram.Menus.Abstractions", "src\Menus\Fluegram.Menus.Abstractions\Fluegram.Menus.Abstractions.csproj", "{AD428655-DE80-42F1-ADCB-1DC260D65FD5}"
EndProject
Project("{FAE04EC0-301F-11D3-BF4B-00C04F79EFBC}") = "Fluegram.Example.Console", "examples\Fluegram.Example.Console\Fluegram.Example.Console.csproj", "{18E217C8-05EB-48FA-896A-D0D5FC4B349E}"
EndProject
Global
	GlobalSection(SolutionConfigurationPlatforms) = preSolution
		Debug|Any CPU = Debug|Any CPU
		Release|Any CPU = Release|Any CPU
	EndGlobalSection
	GlobalSection(NestedProjects) = preSolution
		{14A9D635-109D-405B-8241-2FE64F5948D6} = {F85682FB-7A80-497B-B1C5-2B7646EE16DC}
		{1B4E2D3E-EBD5-41A7-BC50-E65975AAC3A0} = {F7D8F6F2-F55B-4C85-82C6-B88D427C7AAE}
		{4AC1DED8-5C55-4F10-82C9-F976E8501203} = {F7D8F6F2-F55B-4C85-82C6-B88D427C7AAE}
		{A301A5FE-6ED1-4D88-855B-DCE77F377F44} = {F7D8F6F2-F55B-4C85-82C6-B88D427C7AAE}
		{FB6B5A12-69D0-4A7D-A47A-6BCC8B95EEE1} = {A301A5FE-6ED1-4D88-855B-DCE77F377F44}
		{E272BB06-5AD3-4207-ABD8-297723313B09} = {A301A5FE-6ED1-4D88-855B-DCE77F377F44}
		{D8C2DA8E-3B28-4F3A-8105-2A44F8DACB6D} = {A301A5FE-6ED1-4D88-855B-DCE77F377F44}
		{9C1207C0-A013-4036-9845-B7E23EB94F58} = {D8C2DA8E-3B28-4F3A-8105-2A44F8DACB6D}
		{AF662C37-44D0-4534-8E9C-734B4047D455} = {D8C2DA8E-3B28-4F3A-8105-2A44F8DACB6D}
		{2DA0ED6D-8AFD-4DD7-A8CC-606346CB4D0E} = {F7D8F6F2-F55B-4C85-82C6-B88D427C7AAE}
		{CD5D740C-5CBA-4D29-9715-CEA564F65EE7} = {2DA0ED6D-8AFD-4DD7-A8CC-606346CB4D0E}
		{3388ED5A-E57C-436A-9A02-5B07B03982D7} = {2DA0ED6D-8AFD-4DD7-A8CC-606346CB4D0E}
		{9949E503-B9FF-49E5-BD35-80A91CDEC3CD} = {F7D8F6F2-F55B-4C85-82C6-B88D427C7AAE}
		{20BB9611-03DF-438E-B2FA-135ADF4574BF} = {9949E503-B9FF-49E5-BD35-80A91CDEC3CD}
		{A12F47F8-70E9-459E-9A56-E32E43A9C090} = {9949E503-B9FF-49E5-BD35-80A91CDEC3CD}
		{C742CA57-6F1C-4BB8-82DC-CAB1995D4DD6} = {F7D8F6F2-F55B-4C85-82C6-B88D427C7AAE}
		{131305B4-3AB3-4FDD-8F05-4A86EA69A751} = {C742CA57-6F1C-4BB8-82DC-CAB1995D4DD6}
		{56B6A987-8D5E-44B2-8F27-84AC32682D9D} = {C742CA57-6F1C-4BB8-82DC-CAB1995D4DD6}
		{46661700-9D52-4883-A45A-3CDDAF1065A8} = {F7D8F6F2-F55B-4C85-82C6-B88D427C7AAE}
		{CE54AC6D-1F0F-44E0-B001-B1D4DBC89CE7} = {46661700-9D52-4883-A45A-3CDDAF1065A8}
		{C59C238E-DD53-4478-9F2E-9C9B48633C4D} = {46661700-9D52-4883-A45A-3CDDAF1065A8}
		{F07464AC-88D3-4266-8E90-FAD5FB26618D} = {F7D8F6F2-F55B-4C85-82C6-B88D427C7AAE}
		{F0888644-3385-44EA-B9CE-0729A76CD67C} = {F07464AC-88D3-4266-8E90-FAD5FB26618D}
		{8BD5C2AF-69E2-42C2-845E-B4762AFF5B0D} = {F07464AC-88D3-4266-8E90-FAD5FB26618D}
		{DABEFBE9-AF38-4FA5-BAB2-36330CB6EAF7} = {F7D8F6F2-F55B-4C85-82C6-B88D427C7AAE}
		{5371CA6E-D4BD-4C36-9499-E09384A60D07} = {DABEFBE9-AF38-4FA5-BAB2-36330CB6EAF7}
		{C13C9287-0301-4612-81A6-8B08350CBD50} = {DABEFBE9-AF38-4FA5-BAB2-36330CB6EAF7}
		{CC241F26-0F8E-4178-B7D3-2C7FE3A66389} = {F7D8F6F2-F55B-4C85-82C6-B88D427C7AAE}
		{2085A509-1E97-4A49-8B26-7A51F43FAD86} = {CC241F26-0F8E-4178-B7D3-2C7FE3A66389}
		{6ECE117D-57DD-4AD0-961F-053F82CB5942} = {CC241F26-0F8E-4178-B7D3-2C7FE3A66389}
		{8489D2CE-ABEE-46DF-BB53-1E203BC3C2A5} = {6E731BCB-5C43-4EA1-9951-3A58B7A70D7F}
		{BBC0A60E-0542-4911-AF35-F99F2DFDB0EB} = {F7D8F6F2-F55B-4C85-82C6-B88D427C7AAE}
		{2B9B63DA-97E8-4B8F-A4C1-811BF8AE44D7} = {BBC0A60E-0542-4911-AF35-F99F2DFDB0EB}
		{AD428655-DE80-42F1-ADCB-1DC260D65FD5} = {BBC0A60E-0542-4911-AF35-F99F2DFDB0EB}
	EndGlobalSection
	GlobalSection(ProjectConfigurationPlatforms) = postSolution
		{14A9D635-109D-405B-8241-2FE64F5948D6}.Debug|Any CPU.ActiveCfg = Debug|Any CPU
		{14A9D635-109D-405B-8241-2FE64F5948D6}.Release|Any CPU.ActiveCfg = Release|Any CPU
		{1B4E2D3E-EBD5-41A7-BC50-E65975AAC3A0}.Debug|Any CPU.ActiveCfg = Debug|Any CPU
		{1B4E2D3E-EBD5-41A7-BC50-E65975AAC3A0}.Debug|Any CPU.Build.0 = Debug|Any CPU
		{1B4E2D3E-EBD5-41A7-BC50-E65975AAC3A0}.Release|Any CPU.ActiveCfg = Release|Any CPU
		{1B4E2D3E-EBD5-41A7-BC50-E65975AAC3A0}.Release|Any CPU.Build.0 = Release|Any CPU
		{4AC1DED8-5C55-4F10-82C9-F976E8501203}.Debug|Any CPU.ActiveCfg = Debug|Any CPU
		{4AC1DED8-5C55-4F10-82C9-F976E8501203}.Debug|Any CPU.Build.0 = Debug|Any CPU
		{4AC1DED8-5C55-4F10-82C9-F976E8501203}.Release|Any CPU.ActiveCfg = Release|Any CPU
		{4AC1DED8-5C55-4F10-82C9-F976E8501203}.Release|Any CPU.Build.0 = Release|Any CPU
		{FB6B5A12-69D0-4A7D-A47A-6BCC8B95EEE1}.Debug|Any CPU.ActiveCfg = Debug|Any CPU
		{FB6B5A12-69D0-4A7D-A47A-6BCC8B95EEE1}.Debug|Any CPU.Build.0 = Debug|Any CPU
		{FB6B5A12-69D0-4A7D-A47A-6BCC8B95EEE1}.Release|Any CPU.ActiveCfg = Release|Any CPU
		{FB6B5A12-69D0-4A7D-A47A-6BCC8B95EEE1}.Release|Any CPU.Build.0 = Release|Any CPU
		{E272BB06-5AD3-4207-ABD8-297723313B09}.Debug|Any CPU.ActiveCfg = Debug|Any CPU
		{E272BB06-5AD3-4207-ABD8-297723313B09}.Debug|Any CPU.Build.0 = Debug|Any CPU
		{E272BB06-5AD3-4207-ABD8-297723313B09}.Release|Any CPU.ActiveCfg = Release|Any CPU
		{E272BB06-5AD3-4207-ABD8-297723313B09}.Release|Any CPU.Build.0 = Release|Any CPU
		{9C1207C0-A013-4036-9845-B7E23EB94F58}.Debug|Any CPU.ActiveCfg = Debug|Any CPU
		{9C1207C0-A013-4036-9845-B7E23EB94F58}.Debug|Any CPU.Build.0 = Debug|Any CPU
		{9C1207C0-A013-4036-9845-B7E23EB94F58}.Release|Any CPU.ActiveCfg = Release|Any CPU
		{9C1207C0-A013-4036-9845-B7E23EB94F58}.Release|Any CPU.Build.0 = Release|Any CPU
		{AF662C37-44D0-4534-8E9C-734B4047D455}.Debug|Any CPU.ActiveCfg = Debug|Any CPU
		{AF662C37-44D0-4534-8E9C-734B4047D455}.Debug|Any CPU.Build.0 = Debug|Any CPU
		{AF662C37-44D0-4534-8E9C-734B4047D455}.Release|Any CPU.ActiveCfg = Release|Any CPU
		{AF662C37-44D0-4534-8E9C-734B4047D455}.Release|Any CPU.Build.0 = Release|Any CPU
		{CD5D740C-5CBA-4D29-9715-CEA564F65EE7}.Debug|Any CPU.ActiveCfg = Debug|Any CPU
		{CD5D740C-5CBA-4D29-9715-CEA564F65EE7}.Debug|Any CPU.Build.0 = Debug|Any CPU
		{CD5D740C-5CBA-4D29-9715-CEA564F65EE7}.Release|Any CPU.ActiveCfg = Release|Any CPU
		{CD5D740C-5CBA-4D29-9715-CEA564F65EE7}.Release|Any CPU.Build.0 = Release|Any CPU
		{3388ED5A-E57C-436A-9A02-5B07B03982D7}.Debug|Any CPU.ActiveCfg = Debug|Any CPU
		{3388ED5A-E57C-436A-9A02-5B07B03982D7}.Debug|Any CPU.Build.0 = Debug|Any CPU
		{3388ED5A-E57C-436A-9A02-5B07B03982D7}.Release|Any CPU.ActiveCfg = Release|Any CPU
		{3388ED5A-E57C-436A-9A02-5B07B03982D7}.Release|Any CPU.Build.0 = Release|Any CPU
		{20BB9611-03DF-438E-B2FA-135ADF4574BF}.Debug|Any CPU.ActiveCfg = Debug|Any CPU
		{20BB9611-03DF-438E-B2FA-135ADF4574BF}.Debug|Any CPU.Build.0 = Debug|Any CPU
		{20BB9611-03DF-438E-B2FA-135ADF4574BF}.Release|Any CPU.ActiveCfg = Release|Any CPU
		{20BB9611-03DF-438E-B2FA-135ADF4574BF}.Release|Any CPU.Build.0 = Release|Any CPU
		{A12F47F8-70E9-459E-9A56-E32E43A9C090}.Debug|Any CPU.ActiveCfg = Debug|Any CPU
		{A12F47F8-70E9-459E-9A56-E32E43A9C090}.Debug|Any CPU.Build.0 = Debug|Any CPU
		{A12F47F8-70E9-459E-9A56-E32E43A9C090}.Release|Any CPU.ActiveCfg = Release|Any CPU
		{A12F47F8-70E9-459E-9A56-E32E43A9C090}.Release|Any CPU.Build.0 = Release|Any CPU
		{131305B4-3AB3-4FDD-8F05-4A86EA69A751}.Debug|Any CPU.ActiveCfg = Debug|Any CPU
		{131305B4-3AB3-4FDD-8F05-4A86EA69A751}.Debug|Any CPU.Build.0 = Debug|Any CPU
		{131305B4-3AB3-4FDD-8F05-4A86EA69A751}.Release|Any CPU.ActiveCfg = Release|Any CPU
		{131305B4-3AB3-4FDD-8F05-4A86EA69A751}.Release|Any CPU.Build.0 = Release|Any CPU
		{56B6A987-8D5E-44B2-8F27-84AC32682D9D}.Debug|Any CPU.ActiveCfg = Debug|Any CPU
		{56B6A987-8D5E-44B2-8F27-84AC32682D9D}.Debug|Any CPU.Build.0 = Debug|Any CPU
		{56B6A987-8D5E-44B2-8F27-84AC32682D9D}.Release|Any CPU.ActiveCfg = Release|Any CPU
		{56B6A987-8D5E-44B2-8F27-84AC32682D9D}.Release|Any CPU.Build.0 = Release|Any CPU
		{CE54AC6D-1F0F-44E0-B001-B1D4DBC89CE7}.Debug|Any CPU.ActiveCfg = Debug|Any CPU
		{CE54AC6D-1F0F-44E0-B001-B1D4DBC89CE7}.Debug|Any CPU.Build.0 = Debug|Any CPU
		{CE54AC6D-1F0F-44E0-B001-B1D4DBC89CE7}.Release|Any CPU.ActiveCfg = Release|Any CPU
		{CE54AC6D-1F0F-44E0-B001-B1D4DBC89CE7}.Release|Any CPU.Build.0 = Release|Any CPU
		{C59C238E-DD53-4478-9F2E-9C9B48633C4D}.Debug|Any CPU.ActiveCfg = Debug|Any CPU
		{C59C238E-DD53-4478-9F2E-9C9B48633C4D}.Debug|Any CPU.Build.0 = Debug|Any CPU
		{C59C238E-DD53-4478-9F2E-9C9B48633C4D}.Release|Any CPU.ActiveCfg = Release|Any CPU
		{C59C238E-DD53-4478-9F2E-9C9B48633C4D}.Release|Any CPU.Build.0 = Release|Any CPU
		{F0888644-3385-44EA-B9CE-0729A76CD67C}.Debug|Any CPU.ActiveCfg = Debug|Any CPU
		{F0888644-3385-44EA-B9CE-0729A76CD67C}.Debug|Any CPU.Build.0 = Debug|Any CPU
		{F0888644-3385-44EA-B9CE-0729A76CD67C}.Release|Any CPU.ActiveCfg = Release|Any CPU
		{F0888644-3385-44EA-B9CE-0729A76CD67C}.Release|Any CPU.Build.0 = Release|Any CPU
		{8BD5C2AF-69E2-42C2-845E-B4762AFF5B0D}.Debug|Any CPU.ActiveCfg = Debug|Any CPU
		{8BD5C2AF-69E2-42C2-845E-B4762AFF5B0D}.Debug|Any CPU.Build.0 = Debug|Any CPU
		{8BD5C2AF-69E2-42C2-845E-B4762AFF5B0D}.Release|Any CPU.ActiveCfg = Release|Any CPU
		{8BD5C2AF-69E2-42C2-845E-B4762AFF5B0D}.Release|Any CPU.Build.0 = Release|Any CPU
		{5371CA6E-D4BD-4C36-9499-E09384A60D07}.Debug|Any CPU.ActiveCfg = Debug|Any CPU
		{5371CA6E-D4BD-4C36-9499-E09384A60D07}.Debug|Any CPU.Build.0 = Debug|Any CPU
		{5371CA6E-D4BD-4C36-9499-E09384A60D07}.Release|Any CPU.ActiveCfg = Release|Any CPU
		{5371CA6E-D4BD-4C36-9499-E09384A60D07}.Release|Any CPU.Build.0 = Release|Any CPU
		{C13C9287-0301-4612-81A6-8B08350CBD50}.Debug|Any CPU.ActiveCfg = Debug|Any CPU
		{C13C9287-0301-4612-81A6-8B08350CBD50}.Debug|Any CPU.Build.0 = Debug|Any CPU
		{C13C9287-0301-4612-81A6-8B08350CBD50}.Release|Any CPU.ActiveCfg = Release|Any CPU
		{C13C9287-0301-4612-81A6-8B08350CBD50}.Release|Any CPU.Build.0 = Release|Any CPU
		{2085A509-1E97-4A49-8B26-7A51F43FAD86}.Debug|Any CPU.ActiveCfg = Debug|Any CPU
		{2085A509-1E97-4A49-8B26-7A51F43FAD86}.Debug|Any CPU.Build.0 = Debug|Any CPU
		{2085A509-1E97-4A49-8B26-7A51F43FAD86}.Release|Any CPU.ActiveCfg = Release|Any CPU
		{2085A509-1E97-4A49-8B26-7A51F43FAD86}.Release|Any CPU.Build.0 = Release|Any CPU
		{6ECE117D-57DD-4AD0-961F-053F82CB5942}.Debug|Any CPU.ActiveCfg = Debug|Any CPU
		{6ECE117D-57DD-4AD0-961F-053F82CB5942}.Debug|Any CPU.Build.0 = Debug|Any CPU
		{6ECE117D-57DD-4AD0-961F-053F82CB5942}.Release|Any CPU.ActiveCfg = Release|Any CPU
		{6ECE117D-57DD-4AD0-961F-053F82CB5942}.Release|Any CPU.Build.0 = Release|Any CPU
		{8489D2CE-ABEE-46DF-BB53-1E203BC3C2A5}.Debug|Any CPU.ActiveCfg = Debug|Any CPU
		{8489D2CE-ABEE-46DF-BB53-1E203BC3C2A5}.Debug|Any CPU.Build.0 = Debug|Any CPU
		{8489D2CE-ABEE-46DF-BB53-1E203BC3C2A5}.Release|Any CPU.ActiveCfg = Release|Any CPU
		{8489D2CE-ABEE-46DF-BB53-1E203BC3C2A5}.Release|Any CPU.Build.0 = Release|Any CPU
		{2B9B63DA-97E8-4B8F-A4C1-811BF8AE44D7}.Debug|Any CPU.ActiveCfg = Debug|Any CPU
		{2B9B63DA-97E8-4B8F-A4C1-811BF8AE44D7}.Debug|Any CPU.Build.0 = Debug|Any CPU
		{2B9B63DA-97E8-4B8F-A4C1-811BF8AE44D7}.Release|Any CPU.ActiveCfg = Release|Any CPU
		{2B9B63DA-97E8-4B8F-A4C1-811BF8AE44D7}.Release|Any CPU.Build.0 = Release|Any CPU
		{AD428655-DE80-42F1-ADCB-1DC260D65FD5}.Debug|Any CPU.ActiveCfg = Debug|Any CPU
		{AD428655-DE80-42F1-ADCB-1DC260D65FD5}.Debug|Any CPU.Build.0 = Debug|Any CPU
		{AD428655-DE80-42F1-ADCB-1DC260D65FD5}.Release|Any CPU.ActiveCfg = Release|Any CPU
		{AD428655-DE80-42F1-ADCB-1DC260D65FD5}.Release|Any CPU.Build.0 = Release|Any CPU
		{18E217C8-05EB-48FA-896A-D0D5FC4B349E}.Debug|Any CPU.ActiveCfg = Debug|Any CPU
		{18E217C8-05EB-48FA-896A-D0D5FC4B349E}.Debug|Any CPU.Build.0 = Debug|Any CPU
		{18E217C8-05EB-48FA-896A-D0D5FC4B349E}.Release|Any CPU.ActiveCfg = Release|Any CPU
		{18E217C8-05EB-48FA-896A-D0D5FC4B349E}.Release|Any CPU.Build.0 = Release|Any CPU
	EndGlobalSection
EndGlobal
